// !$*UTF8*$!
{
	archiveVersion = 1;
	classes = {
	};
	objectVersion = 77;
	objects = {

/* Begin PBXBuildFile section */
		99638C50588EE2250D7265D7 /* KeyboardViewController.swift in Sources */ = {isa = PBXBuildFile; fileRef = 403B729EABDE2C69CD52D1C0 /* KeyboardViewController.swift */; };
		BD0A5FD32803881CA17B7DEC /* KeyboardHeightTests.swift in Sources */ = {isa = PBXBuildFile; fileRef = F7D4A53F563947B528BCE908 /* KeyboardHeightTests.swift */; };
		D098B6C6760377071DCF40D5 /* BigKeysApp.swift in Sources */ = {isa = PBXBuildFile; fileRef = E2D0A82554924F1658C861E7 /* BigKeysApp.swift */; };
		D410A13770C140F1152B1462 /* BigKeysKeyboard.appex in Embed Foundation Extensions */ = {isa = PBXBuildFile; fileRef = CECCBF22BC051903966AC42C /* BigKeysKeyboard.appex */; settings = {ATTRIBUTES = (RemoveHeadersOnCopy, ); }; };
/* End PBXBuildFile section */

/* Begin PBXContainerItemProxy section */
		6FEF25F96C52135339ABF786 /* PBXContainerItemProxy */ = {
			isa = PBXContainerItemProxy;
			containerPortal = 8791FA9460A848C274E7736B /* Project object */;
			proxyType = 1;
			remoteGlobalIDString = 4187997E29C5E23A61644BA5;
			remoteInfo = BigKeysKeyboard;
		};
		B37A2180A9B81B331D54EC83 /* PBXContainerItemProxy */ = {
			isa = PBXContainerItemProxy;
			containerPortal = 8791FA9460A848C274E7736B /* Project object */;
			proxyType = 1;
			remoteGlobalIDString = 442C647F7B7C6EB2AA0C9C1B;
			remoteInfo = BigKeys;
		};
/* End PBXContainerItemProxy section */

/* Begin PBXCopyFilesBuildPhase section */
		6FFA123887D26AD698FED57D /* Embed Foundation Extensions */ = {
			isa = PBXCopyFilesBuildPhase;
			buildActionMask = 2147483647;
			dstPath = "";
			dstSubfolderSpec = 13;
			files = (
				D410A13770C140F1152B1462 /* BigKeysKeyboard.appex in Embed Foundation Extensions */,
			);
			name = "Embed Foundation Extensions";
			runOnlyForDeploymentPostprocessing = 0;
		};
/* End PBXCopyFilesBuildPhase section */

/* Begin PBXFileReference section */
		33F0303FA60BE7B030656F3C /* BigKeysUITests.xctest */ = {isa = PBXFileReference; includeInIndex = 0; lastKnownFileType = wrapper.cfbundle; path = BigKeysUITests.xctest; sourceTree = BUILT_PRODUCTS_DIR; };
		403B729EABDE2C69CD52D1C0 /* KeyboardViewController.swift */ = {isa = PBXFileReference; lastKnownFileType = sourcecode.swift; path = KeyboardViewController.swift; sourceTree = "<group>"; };
		75BC06D41488807AE1F6EC22 /* BigKeys.app */ = {isa = PBXFileReference; includeInIndex = 0; lastKnownFileType = wrapper.application; path = BigKeys.app; sourceTree = BUILT_PRODUCTS_DIR; };
		BB710CD4CA71312AFA731698 /* Info.plist */ = {isa = PBXFileReference; lastKnownFileType = text.plist; path = Info.plist; sourceTree = "<group>"; };
		CECCBF22BC051903966AC42C /* BigKeysKeyboard.appex */ = {isa = PBXFileReference; includeInIndex = 0; lastKnownFileType = "wrapper.app-extension"; path = BigKeysKeyboard.appex; sourceTree = BUILT_PRODUCTS_DIR; };
		E2D0A82554924F1658C861E7 /* BigKeysApp.swift */ = {isa = PBXFileReference; lastKnownFileType = sourcecode.swift; path = BigKeysApp.swift; sourceTree = "<group>"; };
		F7D4A53F563947B528BCE908 /* KeyboardHeightTests.swift */ = {isa = PBXFileReference; lastKnownFileType = sourcecode.swift; path = KeyboardHeightTests.swift; sourceTree = "<group>"; };
/* End PBXFileReference section */

/* Begin PBXGroup section */
		5B7A4514F895CA85D5A1E9EC = {
			isa = PBXGroup;
			children = (
				EDFA992565860B0A8F507F59 /* App */,
				7C053D574488BB7AF1B5E5F5 /* Keyboard */,
				812C5972A16F25F9E66A4702 /* UITests */,
				C66B48F3785E1ABCEE1EC049 /* Products */,
			);
			sourceTree = "<group>";
		};
		7C053D574488BB7AF1B5E5F5 /* Keyboard */ = {
			isa = PBXGroup;
			children = (
				BB710CD4CA71312AFA731698 /* Info.plist */,
				403B729EABDE2C69CD52D1C0 /* KeyboardViewController.swift */,
			);
			path = Keyboard;
			sourceTree = "<group>";
		};
		812C5972A16F25F9E66A4702 /* UITests */ = {
			isa = PBXGroup;
			children = (
				F7D4A53F563947B528BCE908 /* KeyboardHeightTests.swift */,
			);
			path = UITests;
			sourceTree = "<group>";
		};
		C66B48F3785E1ABCEE1EC049 /* Products */ = {
			isa = PBXGroup;
			children = (
				75BC06D41488807AE1F6EC22 /* BigKeys.app */,
				CECCBF22BC051903966AC42C /* BigKeysKeyboard.appex */,
				33F0303FA60BE7B030656F3C /* BigKeysUITests.xctest */,
			);
			name = Products;
			sourceTree = "<group>";
		};
		EDFA992565860B0A8F507F59 /* App */ = {
			isa = PBXGroup;
			children = (
				E2D0A82554924F1658C861E7 /* BigKeysApp.swift */,
			);
			path = App;
			sourceTree = "<group>";
		};
/* End PBXGroup section */

/* Begin PBXNativeTarget section */
		4187997E29C5E23A61644BA5 /* BigKeysKeyboard */ = {
			isa = PBXNativeTarget;
			buildConfigurationList = 90C2F0EDCA2978491F5140D3 /* Build configuration list for PBXNativeTarget "BigKeysKeyboard" */;
			buildPhases = (
				D5A6E35D6E0C07EA6A58B4E3 /* Sources */,
			);
			buildRules = (
			);
			dependencies = (
			);
			name = BigKeysKeyboard;
			packageProductDependencies = (
			);
			productName = BigKeysKeyboard;
			productReference = CECCBF22BC051903966AC42C /* BigKeysKeyboard.appex */;
			productType = "com.apple.product-type.app-extension";
		};
		442C647F7B7C6EB2AA0C9C1B /* BigKeys */ = {
			isa = PBXNativeTarget;
			buildConfigurationList = 08E698D06CC044FBEA4023C1 /* Build configuration list for PBXNativeTarget "BigKeys" */;
			buildPhases = (
				C5B87843B84F7A2B9AC4331A /* Sources */,
				6FFA123887D26AD698FED57D /* Embed Foundation Extensions */,
			);
			buildRules = (
			);
			dependencies = (
				4747588E3C594E5D34842EF6 /* PBXTargetDependency */,
			);
			name = BigKeys;
			packageProductDependencies = (
			);
			productName = BigKeys;
			productReference = 75BC06D41488807AE1F6EC22 /* BigKeys.app */;
			productType = "com.apple.product-type.application";
		};
		52D2EE61B018FE467A4B78D8 /* BigKeysUITests */ = {
			isa = PBXNativeTarget;
			buildConfigurationList = DB561695C4AF43666204928D /* Build configuration list for PBXNativeTarget "BigKeysUITests" */;
			buildPhases = (
				6EA753C629872023E5E99B40 /* Sources */,
			);
			buildRules = (
			);
			dependencies = (
				BA910AA8D63E9C919275D940 /* PBXTargetDependency */,
			);
			name = BigKeysUITests;
			packageProductDependencies = (
			);
			productName = BigKeysUITests;
			productReference = 33F0303FA60BE7B030656F3C /* BigKeysUITests.xctest */;
			productType = "com.apple.product-type.bundle.ui-testing";
		};
/* End PBXNativeTarget section */

/* Begin PBXProject section */
		8791FA9460A848C274E7736B /* Project object */ = {
			isa = PBXProject;
			attributes = {
				BuildIndependentTargetsInParallel = YES;
				LastUpgradeCheck = 1430;
				TargetAttributes = {
					4187997E29C5E23A61644BA5 = {
						DevelopmentTeam = Y7ZZ5G2T3Y;
						ProvisioningStyle = Automatic;
					};
					442C647F7B7C6EB2AA0C9C1B = {
						DevelopmentTeam = Y7ZZ5G2T3Y;
						ProvisioningStyle = Automatic;
					};
					52D2EE61B018FE467A4B78D8 = {
						DevelopmentTeam = Y7ZZ5G2T3Y;
						ProvisioningStyle = Automatic;
						TestTargetID = 442C647F7B7C6EB2AA0C9C1B;
					};
				};
			};
			buildConfigurationList = F6E93F285ADBF10C63A46625 /* Build configuration list for PBXProject "BigKeys" */;
			developmentRegion = en;
			hasScannedForEncodings = 0;
			knownRegions = (
				Base,
				en,
			);
			mainGroup = 5B7A4514F895CA85D5A1E9EC;
			minimizedProjectReferenceProxies = 1;
			preferredProjectObjectVersion = 77;
			productRefGroup = C66B48F3785E1ABCEE1EC049 /* Products */;
			projectDirPath = "";
			projectRoot = "";
			targets = (
				442C647F7B7C6EB2AA0C9C1B /* BigKeys */,
				4187997E29C5E23A61644BA5 /* BigKeysKeyboard */,
				52D2EE61B018FE467A4B78D8 /* BigKeysUITests */,
			);
		};
/* End PBXProject section */

/* Begin PBXSourcesBuildPhase section */
		6EA753C629872023E5E99B40 /* Sources */ = {
			isa = PBXSourcesBuildPhase;
			buildActionMask = 2147483647;
			files = (
				BD0A5FD32803881CA17B7DEC /* KeyboardHeightTests.swift in Sources */,
			);
			runOnlyForDeploymentPostprocessing = 0;
		};
		C5B87843B84F7A2B9AC4331A /* Sources */ = {
			isa = PBXSourcesBuildPhase;
			buildActionMask = 2147483647;
			files = (
				D098B6C6760377071DCF40D5 /* BigKeysApp.swift in Sources */,
			);
			runOnlyForDeploymentPostprocessing = 0;
		};
		D5A6E35D6E0C07EA6A58B4E3 /* Sources */ = {
			isa = PBXSourcesBuildPhase;
			buildActionMask = 2147483647;
			files = (
				99638C50588EE2250D7265D7 /* KeyboardViewController.swift in Sources */,
			);
			runOnlyForDeploymentPostprocessing = 0;
		};
/* End PBXSourcesBuildPhase section */

/* Begin PBXTargetDependency section */
		4747588E3C594E5D34842EF6 /* PBXTargetDependency */ = {
			isa = PBXTargetDependency;
			target = 4187997E29C5E23A61644BA5 /* BigKeysKeyboard */;
			targetProxy = 6FEF25F96C52135339ABF786 /* PBXContainerItemProxy */;
		};
		BA910AA8D63E9C919275D940 /* PBXTargetDependency */ = {
			isa = PBXTargetDependency;
			target = 442C647F7B7C6EB2AA0C9C1B /* BigKeys */;
			targetProxy = B37A2180A9B81B331D54EC83 /* PBXContainerItemProxy */;
		};
/* End PBXTargetDependency section */

/* Begin XCBuildConfiguration section */
		272DDB1771E926FD802EEF44 /* Debug */ = {
			isa = XCBuildConfiguration;
			buildSettings = {
				BUNDLE_LOADER = "$(TEST_HOST)";
				LD_RUNPATH_SEARCH_PATHS = (
					"$(inherited)",
					"@executable_path/Frameworks",
					"@loader_path/Frameworks",
				);
				PRODUCT_BUNDLE_IDENTIFIER = com.asadullokh.ch5.bigkeys.uitests;
				SDKROOT = iphoneos;
				TARGETED_DEVICE_FAMILY = "1,2";
				TEST_TARGET_NAME = BigKeys;
			};
			name = Debug;
		};
		2AB1AA1C7E2135BF67EA3F6C /* Release */ = {
			isa = XCBuildConfiguration;
			buildSettings = {
				INFOPLIST_FILE = Keyboard/Info.plist;
				LD_RUNPATH_SEARCH_PATHS = (
					"$(inherited)",
					"@executable_path/Frameworks",
					"@executable_path/../../Frameworks",
				);
				PRODUCT_BUNDLE_IDENTIFIER = com.asadullokh.ch5.bigkeys.keyboard;
				SDKROOT = iphoneos;
				TARGETED_DEVICE_FAMILY = "1,2";
			};
			name = Release;
		};
		5EA9AB72024C8BA13C726FCC /* Debug */ = {
			isa = XCBuildConfiguration;
			buildSettings = {
				ALWAYS_SEARCH_USER_PATHS = NO;
				CLANG_ANALYZER_NONNULL = YES;
				CLANG_ANALYZER_NUMBER_OBJECT_CONVERSION = YES_AGGRESSIVE;
				CLANG_CXX_LANGUAGE_STANDARD = "gnu++14";
				CLANG_CXX_LIBRARY = "libc++";
				CLANG_ENABLE_MODULES = YES;
				CLANG_ENABLE_OBJC_ARC = YES;
				CLANG_ENABLE_OBJC_WEAK = YES;
				CLANG_WARN_BLOCK_CAPTURE_AUTORELEASING = YES;
				CLANG_WARN_BOOL_CONVERSION = YES;
				CLANG_WARN_COMMA = YES;
				CLANG_WARN_CONSTANT_CONVERSION = YES;
				CLANG_WARN_DEPRECATED_OBJC_IMPLEMENTATIONS = YES;
				CLANG_WARN_DIRECT_OBJC_ISA_USAGE = YES_ERROR;
				CLANG_WARN_DOCUMENTATION_COMMENTS = YES;
				CLANG_WARN_EMPTY_BODY = YES;
				CLANG_WARN_ENUM_CONVERSION = YES;
				CLANG_WARN_INFINITE_RECURSION = YES;
				CLANG_WARN_INT_CONVERSION = YES;
				CLANG_WARN_NON_LITERAL_NULL_CONVERSION = YES;
				CLANG_WARN_OBJC_IMPLICIT_RETAIN_SELF = YES;
				CLANG_WARN_OBJC_LITERAL_CONVERSION = YES;
				CLANG_WARN_OBJC_ROOT_CLASS = YES_ERROR;
				CLANG_WARN_QUOTED_INCLUDE_IN_FRAMEWORK_HEADER = YES;
				CLANG_WARN_RANGE_LOOP_ANALYSIS = YES;
				CLANG_WARN_STRICT_PROTOTYPES = YES;
				CLANG_WARN_SUSPICIOUS_MOVE = YES;
				CLANG_WARN_UNGUARDED_AVAILABILITY = YES_AGGRESSIVE;
				CLANG_WARN_UNREACHABLE_CODE = YES;
				CLANG_WARN__DUPLICATE_METHOD_MATCH = YES;
				CODE_SIGN_STYLE = Automatic;
				COPY_PHASE_STRIP = NO;
				CURRENT_PROJECT_VERSION = 1;
				DEBUG_INFORMATION_FORMAT = dwarf;
				DEVELOPMENT_TEAM = Y7ZZ5G2T3Y;
				ENABLE_STRICT_OBJC_MSGSEND = YES;
				ENABLE_TESTABILITY = YES;
				GCC_C_LANGUAGE_STANDARD = gnu11;
				GCC_DYNAMIC_NO_PIC = NO;
				GCC_NO_COMMON_BLOCKS = YES;
				GCC_OPTIMIZATION_LEVEL = 0;
				GCC_PREPROCESSOR_DEFINITIONS = (
					"$(inherited)",
					"DEBUG=1",
				);
				GCC_WARN_64_TO_32_BIT_CONVERSION = YES;
				GCC_WARN_ABOUT_RETURN_TYPE = YES_ERROR;
				GCC_WARN_UNDECLARED_SELECTOR = YES;
				GCC_WARN_UNINITIALIZED_AUTOS = YES_AGGRESSIVE;
				GCC_WARN_UNUSED_FUNCTION = YES;
				GCC_WARN_UNUSED_VARIABLE = YES;
				GENERATE_INFOPLIST_FILE = YES;
				IPHONEOS_DEPLOYMENT_TARGET = 18.0;
				MARKETING_VERSION = 1.0;
				MTL_ENABLE_DEBUG_INFO = INCLUDE_SOURCE;
				MTL_FAST_MATH = YES;
				ONLY_ACTIVE_ARCH = YES;
				PRODUCT_NAME = "$(TARGET_NAME)";
				SDKROOT = iphoneos;
				SWIFT_ACTIVE_COMPILATION_CONDITIONS = DEBUG;
				SWIFT_OPTIMIZATION_LEVEL = "-Onone";
				SWIFT_VERSION = 5.9;
				TARGETED_DEVICE_FAMILY = "1,2";
			};
			name = Debug;
		};
		78A4B697B58FB2AE865D4F50 /* Release */ = {
			isa = XCBuildConfiguration;
			buildSettings = {
				BUNDLE_LOADER = "$(TEST_HOST)";
				LD_RUNPATH_SEARCH_PATHS = (
					"$(inherited)",
					"@executable_path/Frameworks",
					"@loader_path/Frameworks",
				);
				PRODUCT_BUNDLE_IDENTIFIER = com.asadullokh.ch5.bigkeys.uitests;
				SDKROOT = iphoneos;
				TARGETED_DEVICE_FAMILY = "1,2";
				TEST_TARGET_NAME = BigKeys;
			};
			name = Release;
		};
		96AD5BDE0958392E8D8264B1 /* Debug */ = {
			isa = XCBuildConfiguration;
			buildSettings = {
				INFOPLIST_FILE = Keyboard/Info.plist;
				LD_RUNPATH_SEARCH_PATHS = (
					"$(inherited)",
					"@executable_path/Frameworks",
					"@executable_path/../../Frameworks",
				);
				PRODUCT_BUNDLE_IDENTIFIER = com.asadullokh.ch5.bigkeys.keyboard;
				SDKROOT = iphoneos;
				TARGETED_DEVICE_FAMILY = "1,2";
			};
			name = Debug;
		};
		A69FAEF8ACD9A583D5BC0B23 /* Release */ = {
			isa = XCBuildConfiguration;
			buildSettings = {
				ALWAYS_SEARCH_USER_PATHS = NO;
				CLANG_ANALYZER_NONNULL = YES;
				CLANG_ANALYZER_NUMBER_OBJECT_CONVERSION = YES_AGGRESSIVE;
				CLANG_CXX_LANGUAGE_STANDARD = "gnu++14";
				CLANG_CXX_LIBRARY = "libc++";
				CLANG_ENABLE_MODULES = YES;
				CLANG_ENABLE_OBJC_ARC = YES;
				CLANG_ENABLE_OBJC_WEAK = YES;
				CLANG_WARN_BLOCK_CAPTURE_AUTORELEASING = YES;
				CLANG_WARN_BOOL_CONVERSION = YES;
				CLANG_WARN_COMMA = YES;
				CLANG_WARN_CONSTANT_CONVERSION = YES;
				CLANG_WARN_DEPRECATED_OBJC_IMPLEMENTATIONS = YES;
				CLANG_WARN_DIRECT_OBJC_ISA_USAGE = YES_ERROR;
				CLANG_WARN_DOCUMENTATION_COMMENTS = YES;
				CLANG_WARN_EMPTY_BODY = YES;
				CLANG_WARN_ENUM_CONVERSION = YES;
				CLANG_WARN_INFINITE_RECURSION = YES;
				CLANG_WARN_INT_CONVERSION = YES;
				CLANG_WARN_NON_LITERAL_NULL_CONVERSION = YES;
				CLANG_WARN_OBJC_IMPLICIT_RETAIN_SELF = YES;
				CLANG_WARN_OBJC_LITERAL_CONVERSION = YES;
				CLANG_WARN_OBJC_ROOT_CLASS = YES_ERROR;
				CLANG_WARN_QUOTED_INCLUDE_IN_FRAMEWORK_HEADER = YES;
				CLANG_WARN_RANGE_LOOP_ANALYSIS = YES;
				CLANG_WARN_STRICT_PROTOTYPES = YES;
				CLANG_WARN_SUSPICIOUS_MOVE = YES;
				CLANG_WARN_UNGUARDED_AVAILABILITY = YES_AGGRESSIVE;
				CLANG_WARN_UNREACHABLE_CODE = YES;
				CLANG_WARN__DUPLICATE_METHOD_MATCH = YES;
				CODE_SIGN_STYLE = Automatic;
				COPY_PHASE_STRIP = NO;
				CURRENT_PROJECT_VERSION = 1;
				DEBUG_INFORMATION_FORMAT = "dwarf-with-dsym";
				DEVELOPMENT_TEAM = Y7ZZ5G2T3Y;
				ENABLE_NS_ASSERTIONS = NO;
				ENABLE_STRICT_OBJC_MSGSEND = YES;
				GCC_C_LANGUAGE_STANDARD = gnu11;
				GCC_NO_COMMON_BLOCKS = YES;
				GCC_WARN_64_TO_32_BIT_CONVERSION = YES;
				GCC_WARN_ABOUT_RETURN_TYPE = YES_ERROR;
				GCC_WARN_UNDECLARED_SELECTOR = YES;
				GCC_WARN_UNINITIALIZED_AUTOS = YES_AGGRESSIVE;
				GCC_WARN_UNUSED_FUNCTION = YES;
				GCC_WARN_UNUSED_VARIABLE = YES;
				GENERATE_INFOPLIST_FILE = YES;
				IPHONEOS_DEPLOYMENT_TARGET = 18.0;
				MARKETING_VERSION = 1.0;
				MTL_ENABLE_DEBUG_INFO = NO;
				MTL_FAST_MATH = YES;
				PRODUCT_NAME = "$(TARGET_NAME)";
				SDKROOT = iphoneos;
				SWIFT_COMPILATION_MODE = wholemodule;
				SWIFT_OPTIMIZATION_LEVEL = "-O";
				SWIFT_VERSION = 5.9;
				TARGETED_DEVICE_FAMILY = "1,2";
			};
			name = Release;
		};
		A89AA07607813A33CDC1A581 /* Release */ = {
			isa = XCBuildConfiguration;
			buildSettings = {
				ASSETCATALOG_COMPILER_APPICON_NAME = AppIcon;
				CODE_SIGN_IDENTITY = "iPhone Developer";
				GENERATE_INFOPLIST_FILE = YES;
				INFOPLIST_KEY_CFBundleDisplayName = BigKeys;
				INFOPLIST_KEY_UILaunchScreen_Generation = YES;
				INFOPLIST_KEY_UISupportedInterfaceOrientations = "UIInterfaceOrientationPortrait UIInterfaceOrientationLandscapeLeft UIInterfaceOrientationLandscapeRight";
				LD_RUNPATH_SEARCH_PATHS = (
					"$(inherited)",
					"@executable_path/Frameworks",
				);
				PRODUCT_BUNDLE_IDENTIFIER = com.asadullokh.ch5.bigkeys;
				SDKROOT = iphoneos;
				TARGETED_DEVICE_FAMILY = "1,2";
			};
			name = Release;
		};
		D1317924BBA58ED58FCF9CB3 /* Debug */ = {
			isa = XCBuildConfiguration;
			buildSettings = {
				ASSETCATALOG_COMPILER_APPICON_NAME = AppIcon;
				CODE_SIGN_IDENTITY = "iPhone Developer";
				GENERATE_INFOPLIST_FILE = YES;
				INFOPLIST_KEY_CFBundleDisplayName = BigKeys;
				INFOPLIST_KEY_UILaunchScreen_Generation = YES;
				INFOPLIST_KEY_UISupportedInterfaceOrientations = "UIInterfaceOrientationPortrait UIInterfaceOrientationLandscapeLeft UIInterfaceOrientationLandscapeRight";
				LD_RUNPATH_SEARCH_PATHS = (
					"$(inherited)",
					"@executable_path/Frameworks",
				);
				PRODUCT_BUNDLE_IDENTIFIER = com.asadullokh.ch5.bigkeys;
				SDKROOT = iphoneos;
				TARGETED_DEVICE_FAMILY = "1,2";
			};
			name = Debug;
		};
/* End XCBuildConfiguration section */

/* Begin XCConfigurationList section */
		08E698D06CC044FBEA4023C1 /* Build configuration list for PBXNativeTarget "BigKeys" */ = {
			isa = XCConfigurationList;
			buildConfigurations = (
				D1317924BBA58ED58FCF9CB3 /* Debug */,
				A89AA07607813A33CDC1A581 /* Release */,
			);
			defaultConfigurationIsVisible = 0;
			defaultConfigurationName = Debug;
		};
		90C2F0EDCA2978491F5140D3 /* Build configuration list for PBXNativeTarget "BigKeysKeyboard" */ = {
			isa = XCConfigurationList;
			buildConfigurations = (
				96AD5BDE0958392E8D8264B1 /* Debug */,
				2AB1AA1C7E2135BF67EA3F6C /* Release */,
			);
			defaultConfigurationIsVisible = 0;
			defaultConfigurationName = Debug;
		};
		DB561695C4AF43666204928D /* Build configuration list for PBXNativeTarget "BigKeysUITests" */ = {
			isa = XCConfigurationList;
			buildConfigurations = (
				272DDB1771E926FD802EEF44 /* Debug */,
				78A4B697B58FB2AE865D4F50 /* Release */,
			);
			defaultConfigurationIsVisible = 0;
			defaultConfigurationName = Debug;
		};
		F6E93F285ADBF10C63A46625 /* Build configuration list for PBXProject "BigKeys" */ = {
			isa = XCConfigurationList;
			buildConfigurations = (
				5EA9AB72024C8BA13C726FCC /* Debug */,
				A69FAEF8ACD9A583D5BC0B23 /* Release */,
			);
			defaultConfigurationIsVisible = 0;
			defaultConfigurationName = Debug;
		};
/* End XCConfigurationList section */
	};
	rootObject = 8791FA9460A848C274E7736B /* Project object */;
}
